{
  "name": "idurazi-studio",
  "version": "3.0.0",
  "lockfileVersion": 3,
  "requires": true,
  "packages": {
    "": {
      "name": "idurazi-studio",
      "version": "3.0.0",
      "workspaces": [
        "apps/*",
        "packages/*",
        "services/*",
        "providers/*"
      ],
      "engines": {
        "node": ">=18"
      }
    },
    "apps/cli": {
      "name": "@idurazi/cli",
      "version": "2.0.0",
      "dependencies": {
        "@idurazi/tool-registry": "2.0.0",
        "@idurazi/workflow-engine": "2.0.0"
      }
    },
    "apps/local-service": {
      "name": "@idurazi/local-service",
      "version": "2.5.0",
      "dependencies": {
        "@idurazi/archive-repository": "*",
        "@idurazi/interview-import-pipeline": "*",
        "@idurazi/person-entity-resolution": "*",
        "@idurazi/provider-ai-ollama": "*",
        "@idurazi/provider-container": "*",
        "@idurazi/provider-media-ffmpeg": "*",
        "@idurazi/provider-storage-json": "*",
        "@idurazi/provider-transcription-faster-whisper": "*"
      },
      "engines": {
        "node": ">=18"
      }
    },
    "node_modules/@idurazi/archive-repository": {
      "resolved": "packages/archive-repository",
      "link": true
    },
    "node_modules/@idurazi/cli": {
      "resolved": "apps/cli",
      "link": true
    },
    "node_modules/@idurazi/ffmpeg": {
      "resolved": "services/ffmpeg",
      "link": true
    },
    "node_modules/@idurazi/interview-import-pipeline": {
      "resolved": "packages/interview-import-pipeline",
      "link": true
    },
    "node_modules/@idurazi/local-service": {
      "resolved": "apps/local-service",
      "link": true
    },
    "node_modules/@idurazi/ollama": {
      "resolved": "services/ollama",
      "link": true
    },
    "node_modules/@idurazi/orchestrator": {
      "resolved": "packages/orchestrator",
      "link": true
    },
    "node_modules/@idurazi/person-entity-resolution": {
      "resolved": "packages/person-entity-resolution",
      "link": true
    },
    "node_modules/@idurazi/plugin-system": {
      "resolved": "packages/plugin-system",
      "link": true
    },
    "node_modules/@idurazi/provider-ai-ollama": {
      "resolved": "providers/ai-ollama",
      "link": true
    },
    "node_modules/@idurazi/provider-container": {
      "resolved": "packages/provider-container",
      "link": true
    },
    "node_modules/@idurazi/provider-core": {
      "resolved": "packages/provider-core",
      "link": true
    },
    "node_modules/@idurazi/provider-media-ffmpeg": {
      "resolved": "providers/media-ffmpeg",
      "link": true
    },
    "node_modules/@idurazi/provider-storage-json": {
      "resolved": "providers/storage-json",
      "link": true
    },
    "node_modules/@idurazi/provider-transcription-faster-whisper": {
      "resolved": "providers/transcription-faster-whisper",
      "link": true
    },
    "node_modules/@idurazi/shared": {
      "resolved": "packages/shared",
      "link": true
    },
    "node_modules/@idurazi/sqlite": {
      "resolved": "services/sqlite",
      "link": true
    },
    "node_modules/@idurazi/tool-registry": {
      "resolved": "packages/tool-registry",
      "link": true
    },
    "node_modules/@idurazi/whisper": {
      "resolved": "services/whisper",
      "link": true
    },
    "node_modules/@idurazi/workflow-engine": {
      "resolved": "packages/workflow-engine",
      "link": true
    },
    "packages/archive-repository": {
      "name": "@idurazi/archive-repository",
      "version": "2.5.0"
    },
    "packages/interview-import-pipeline": {
      "name": "@idurazi/interview-import-pipeline",
      "version": "2.5.0",
      "dependencies": {
        "@idurazi/archive-repository": "*",
        "@idurazi/person-entity-resolution": "*"
      }
    },
    "packages/orchestrator": {
      "name": "@idurazi/orchestrator",
      "version": "2.0.0",
      "dependencies": {
        "@idurazi/tool-registry": "2.0.0",
        "@idurazi/workflow-engine": "2.0.0"
      }
    },
    "packages/person-entity-resolution": {
      "name": "@idurazi/person-entity-resolution",
      "version": "2.5.0"
    },
    "packages/plugin-system": {
      "name": "@idurazi/plugin-system",
      "version": "2.0.0"
    },
    "packages/provider-container": {
      "name": "@idurazi/provider-container",
      "version": "2.2.0",
      "dependencies": {
        "@idurazi/provider-core": "*"
      }
    },
    "packages/provider-core": {
      "name": "@idurazi/provider-core",
      "version": "2.2.0"
    },
    "packages/shared": {
      "name": "@idurazi/shared",
      "version": "2.0.0"
    },
    "packages/tool-registry": {
      "name": "@idurazi/tool-registry",
      "version": "2.0.0"
    },
    "packages/workflow-engine": {
      "name": "@idurazi/workflow-engine",
      "version": "2.0.0",
      "dependencies": {
        "@idurazi/tool-registry": "2.0.0"
      }
    },
    "providers/ai-ollama": {
      "name": "@idurazi/provider-ai-ollama",
      "version": "2.2.0",
      "dependencies": {
        "@idurazi/provider-core": "*"
      }
    },
    "providers/media-ffmpeg": {
      "name": "@idurazi/provider-media-ffmpeg",
      "version": "2.2.0"
    },
    "providers/storage-json": {
      "name": "@idurazi/provider-storage-json",
      "version": "2.2.0"
    },
    "providers/transcription-faster-whisper": {
      "name": "@idurazi/provider-transcription-faster-whisper",
      "version": "2.2.0"
    },
    "services/ffmpeg": {
      "name": "@idurazi/ffmpeg",
      "version": "2.0.0"
    },
    "services/ollama": {
      "name": "@idurazi/ollama",
      "version": "2.0.0"
    },
    "services/sqlite": {
      "name": "@idurazi/sqlite",
      "version": "2.0.0"
    },
    "services/whisper": {
      "name": "@idurazi/whisper",
      "version": "2.0.0"
    }
  }
}
